Microsoft Visual Studio Solution File, Format Version 12.00
# Visual Studio 2012
Project("{FAE04EC0-301F-11D3-BF4B-00C04F79EFBC}") = "Hearth", "Hearth.csproj", "{72A24268-C4AC-40A9-8430-ABA56C4AB181}"
EndProject
Global
	GlobalSection(SolutionConfigurationPlatforms) = preSolution
	Debug|Any CPU = Debug|Any CPU
	Release|Any CPU = Release|Any CPU
	Tools|Any CPU = Tools|Any CPU
	EndGlobalSection
	GlobalSection(ProjectConfigurationPlatforms) = postSolution
		{72A24268-C4AC-40A9-8430-ABA56C4AB181}.Debug|Any CPU.ActiveCfg = Debug|Any CPU
		{72A24268-C4AC-40A9-8430-ABA56C4AB181}.Debug|Any CPU.Build.0 = Debug|Any CPU
		{72A24268-C4AC-40A9-8430-ABA56C4AB181}.Release|Any CPU.ActiveCfg = Release|Any CPU
		{72A24268-C4AC-40A9-8430-ABA56C4AB181}.Release|Any CPU.Build.0 = Release|Any CPU
		{72A24268-C4AC-40A9-8430-ABA56C4AB181}.Tools|Any CPU.ActiveCfg = Tools|Any CPU
		{72A24268-C4AC-40A9-8430-ABA56C4AB181}.Tools|Any CPU.Build.0 = Tools|Any CPU
	EndGlobalSection
EndGlobal
